<Project xmlns="http://schemas.microsoft.com/developer/msbuild/2003">
    <PropertyGroup>
        <ProjectGuid>{ACE7160B-BBCB-4DA3-AF89-3D3E52474C65}</ProjectGuid>
        <ProjectVersion>14.4</ProjectVersion>
        <FrameworkType>None</FrameworkType>
        <MainSource>DunitX.btkEventBus.dpr</MainSource>
        <Base>True</Base>
        <Config Condition="'$(Config)'==''">Debug</Config>
        <Platform Condition="'$(Platform)'==''">Win32</Platform>
        <TargetedPlatforms>1</TargetedPlatforms>
        <AppType>Console</AppType>
    </PropertyGroup>
    <PropertyGroup Condition="'$(Config)'=='Base' or '$(Base)'!=''">
        <Base>true</Base>
    </PropertyGroup>
    <PropertyGroup Condition="('$(Platform)'=='OSX32' and '$(Base)'=='true') or '$(Base_OSX32)'!=''">
        <Base_OSX32>true</Base_OSX32>
        <CfgParent>Base</CfgParent>
        <Base>true</Base>
    </PropertyGroup>
    <PropertyGroup Condition="('$(Platform)'=='Win32' and '$(Base)'=='true') or '$(Base_Win32)'!=''">
        <Base_Win32>true</Base_Win32>
        <CfgParent>Base</CfgParent>
        <Base>true</Base>
    </PropertyGroup>
    <PropertyGroup Condition="('$(Platform)'=='Win64' and '$(Base)'=='true') or '$(Base_Win64)'!=''">
        <Base_Win64>true</Base_Win64>
        <CfgParent>Base</CfgParent>
        <Base>true</Base>
    </PropertyGroup>
    <PropertyGroup Condition="'$(Config)'=='Debug' or '$(Cfg_1)'!=''">
        <Cfg_1>true</Cfg_1>
        <CfgParent>Base</CfgParent>
        <Base>true</Base>
    </PropertyGroup>
    <PropertyGroup Condition="('$(Platform)'=='Win32' and '$(Cfg_1)'=='true') or '$(Cfg_1_Win32)'!=''">
        <Cfg_1_Win32>true</Cfg_1_Win32>
        <CfgParent>Cfg_1</CfgParent>
        <Cfg_1>true</Cfg_1>
        <Base>true</Base>
    </PropertyGroup>
    <PropertyGroup Condition="'$(Config)'=='Release' or '$(Cfg_2)'!=''">
        <Cfg_2>true</Cfg_2>
        <CfgParent>Base</CfgParent>
        <Base>true</Base>
    </PropertyGroup>
    <PropertyGroup Condition="('$(Platform)'=='OSX32' and '$(Cfg_2)'=='true') or '$(Cfg_2_OSX32)'!=''">
        <Cfg_2_OSX32>true</Cfg_2_OSX32>
        <CfgParent>Cfg_2</CfgParent>
        <Cfg_2>true</Cfg_2>
        <Base>true</Base>
    </PropertyGroup>
    <PropertyGroup Condition="('$(Platform)'=='Win32' and '$(Cfg_2)'=='true') or '$(Cfg_2_Win32)'!=''">
        <Cfg_2_Win32>true</Cfg_2_Win32>
        <CfgParent>Cfg_2</CfgParent>
        <Cfg_2>true</Cfg_2>
        <Base>true</Base>
    </PropertyGroup>
    <PropertyGroup Condition="'$(Base)'!=''">
        <VerInfo_Keys>CompanyName=;FileDescription=;FileVersion=1.0.0.0;InternalName=;LegalCopyright=;LegalTrademarks=;OriginalFilename=;ProductName=;ProductVersion=1.0.0.0;Comments=</VerInfo_Keys>
        <VerInfo_Locale>1049</VerInfo_Locale>
        <DCC_UnitSearchPath>..\Library\D17\$(Config);$(DCC_UnitSearchPath)</DCC_UnitSearchPath>
        <Manifest_File>None</Manifest_File>
        <DCC_Namespace>System;Xml;Data;Datasnap;Web;Soap;$(DCC_Namespace)</DCC_Namespace>
        <DCC_DcuOutput>.\Bin\D17\$(Config)</DCC_DcuOutput>
        <DCC_ExeOutput>.\Bin\D17\$(Config)</DCC_ExeOutput>
        <DCC_E>false</DCC_E>
        <DCC_N>false</DCC_N>
        <DCC_S>false</DCC_S>
        <DCC_F>false</DCC_F>
        <DCC_K>false</DCC_K>
    </PropertyGroup>
    <PropertyGroup Condition="'$(Base_OSX32)'!=''">
        <DCC_UsePackage>dac170;DBXInterBaseDriver;DataSnapServer;DataSnapCommon;DbxCommonDriver;dbxcds;CustomIPTransport;dsnap;IndyIPServer;IndyCore;bindcompfmx;oraprov170;dbrtl;bindcomp;inetdb;xmlrtl;ibxpress;bindengine;soaprtl;DBXInformixDriver;DBXFirebirdDriver;inet;DBXSybaseASADriver;dbexpress;IndyIPClient;DBXSqliteDriver;fmx;IndySystem;DataSnapClient;DataSnapProviderClient;DBXOracleDriver;fmxase;odac170;IndyIPCommon;inetdbxpress;rtl;DbxClientDriver;IndyProtocols;DBXMySQLDriver;bindcompdbx;fmxobj;fmxdae;DataSnapIndy10ServerTransport;$(DCC_UsePackage)</DCC_UsePackage>
        <Icns_MainIcns>$(BDS)\bin\delphi_PROJECTICNS.icns</Icns_MainIcns>
    </PropertyGroup>
    <PropertyGroup Condition="'$(Base_Win32)'!=''">
        <Manifest_File>None</Manifest_File>
        <VerInfo_Locale>1033</VerInfo_Locale>
        <DCC_UsePackage>cxPivotGridChartRS17;JvGlobus;JvMM;dxSkinBlueprintRS17;dxSkinHighContrastRS17;JvManagedThreads;dxSkinSevenRS17;dxSkinOffice2007BlackRS17;dac170;dxCoreRS17;cxPageControldxBarPopupMenuRS17;dxSkinXmas2008BlueRS17;JvCrypt;dxSkinSummer2008RS17;dxSkinBlueRS17;dxSkinDarkRoomRS17;dxPScxSchedulerLnkRS17;DBXInterBaseDriver;DataSnapServer;DataSnapCommon;tmsscriptervcl_xe3;dxPScxTLLnkRS17;JvNet;officeXPrt;JvDotNetCtrls;tmsscripter_xe3;dxRibbonRS17;DbxCommonDriver;cxDataRS17;vclimg;xhStd170;dxSkinsdxBarPainterRS17;dbxcds;dxPSdxDBTVLnkRS17;DatasnapConnectorsFreePascal;frxIBX17;JvXPCtrls;dxSkinMoneyTwinsRS17;SyntEdit16;vcldb;cxExportRS17;dxPSCoreRS17;dxBarExtItemsRS17;dxGDIPlusRS17;dxNavBarRS17;xf40_d_xe2;CustomIPTransport;cxLibraryRS17;cxGridRS17;dxSkinOffice2010BlackRS17;dsnap;IndyIPServer;xhExport170;IndyCore;dxSkinMcSkinRS17;CloudService;dxPScxCommonRS17;dxSkiniMaginaryRS17;frxDB17;dxSkinsdxDLPainterRS17;JvDB;JvRuntimeDesign;dxPScxVGridLnkRS17;JclDeveloperTools;dxSkinSevenClassicRS17;dxPScxExtCommonRS17;odacvcl170;TeeGL917;dxPScxSSLnkRS17;dxSkinLilianRS17;fs17;dxSkinOffice2010BlueRS17;dxPSdxLCLnkRS17;frxTee17;bindcompfmx;dxSkinOffice2010SilverRS17;vcldbx;oraprov170;fsTee17;cxSchedulerGridRS17;dbrtl;bindcomp;inetdb;frxcs17;JvPluginSystem;dxBarRS17;DBXOdbcDriver;dxBarDBNavRS17;JvCmp;dxSkinWhiteprintRS17;JvTimeFramework;xmlrtl;dxSkinsdxRibbonPainterRS17;ibxpress;dxDockingRS17;vclactnband;bindengine;soaprtl;fsADO17;bindcompvcl;dxBarExtDBItemsRS17;dxSkinOffice2007PinkRS17;Jcl;vclie;frxADO17;dxPSPrVwRibbonRS17;cxPageControlRS17;DragDropDXE3;dxSkinscxPCPainterRS17;xhChart170;dxmdsRS17;dxSkinTheAsphaltWorldRS17;DBXInformixDriver;Intraweb;dxPsPrVwAdvRS17;dxSkinSilverRS17;dxdborRS17;dsnapcon;DBXFirebirdDriver;inet;fsDB17;JvPascalInterpreter;vclx;dclfrxTee17;dxSkinStardustRS17;cxEditorsRS17;DBXSybaseASADriver;crcontrols170;dbexpress;IndyIPClient;JvBDE;ecComnD16;dxSkinVS2010RS17;cxTreeListdxBarPopupMenuRS17;dxThemeRS17;DBXSqliteDriver;dxPScxGridLnkRS17;fmx;AutoCadPckg;JvDlgs;IndySystem;dxSkinValentineRS17;vclib;inetdbbde;DataSnapClient;dxSkinDevExpressStyleRS17;DataSnapProviderClient;DBXSybaseASEDriver;cxBarEditItemRS17;dxServerModeRS17;cxSchedulerRS17;MetropolisUILiveTile;dxSkinPumpkinRS17;fsBDE17;dxPSLnksRS17;TeeUI917;cxVerticalGridRS17;dxPSdxDBOCLnkRS17;dxSkinSpringTimeRS17;vcldsnap;dacvcl170;dxSkinDevExpressDarkStyleRS17;DBXDb2Driver;DBXOracleDriver;dxSkinLiquidSkyRS17;JvCore;vclribbon;TeeDB917;cxSpreadSheetRS17;fmxase;vcl;TeeLanguage917;odac170;dxSkinOffice2007SilverRS17;IndyIPCommon;DBXMSSQLDriver;dxPSdxOCLnkRS17;dcldxSkinsCoreRS17;JvAppFrm;fsIBX17;TeeWorld917;inetdbxpress;webdsnap;dxSkinCoffeeRS17;JvDocking;adortl;dxSkinscxSchedulerPainterRS17;TeeTree2D17Tee9;JvWizards;JvHMI;frx17;dxtrmdRS17;TeeMaker117;dxPScxPCProdRS17;frxDBX17;JvBands;rtl;DbxClientDriver;dxTabbedMDIRS17;xhCntrls170;dxComnRS17;dxSkinSharpPlusRS17;dxSkinsCoreRS17;dxSkinLondonLiquidSkyRS17;dxdbtrRS17;TeePro917;JvSystem;dxSkinBlackRS17;svnui;dxorgcRS17;JvControls;IndyProtocols;DBXMySQLDriver;dxLayoutControlRS17;bindcompdbx;JvJans;JvPrintPreview;JvPageComps;JvStdCtrls;JvCustom;dxSkinOffice2007BlueRS17;dxPScxPivotGridLnkRS17;dxSpellCheckerRS17;vcltouch;dxSkinOffice2007GreenRS17;dxSkinSharpRS17;websnap;dxSkinFoggyRS17;dxTileControlRS17;VclSmp;dxSkinDarkSideRS17;cxPivotGridRS17;DataSnapConnectors;fmxobj;cxTreeListRS17;JclVcl;dxSkinGlassOceansRS17;dxPSdxFCLnkRS17;frxe17;svn;dxFlowChartRS17;fmxdae;TeeImage917;dxSkinsdxNavBarPainterRS17;bdertl;frxBDE17;Tee917;dxDBXServerModeRS17;DataSnapIndy10ServerTransport;dxSkinCaramelRS17;$(DCC_UsePackage)</DCC_UsePackage>
        <VerInfo_Keys>CompanyName=;FileDescription=;FileVersion=1.0.0.0;InternalName=;LegalCopyright=;LegalTrademarks=;OriginalFilename=;ProductName=;ProductVersion=1.0.0.0;Comments=</VerInfo_Keys>
        <DCC_Namespace>Winapi;System.Win;Data.Win;Datasnap.Win;Web.Win;Soap.Win;Xml.Win;Bde;$(DCC_Namespace)</DCC_Namespace>
    </PropertyGroup>
    <PropertyGroup Condition="'$(Base_Win64)'!=''">
        <DCC_UsePackage>cxPivotGridChartRS17;dxSkinBlueprintRS17;dxSkinHighContrastRS17;dxSkinSevenRS17;dxSkinOffice2007BlackRS17;dac170;dxCoreRS17;cxPageControldxBarPopupMenuRS17;dxSkinXmas2008BlueRS17;dxSkinSummer2008RS17;dxSkinBlueRS17;dxSkinDarkRoomRS17;dxPScxSchedulerLnkRS17;DBXInterBaseDriver;DataSnapServer;DataSnapCommon;dxPScxTLLnkRS17;officeXPrt;dxRibbonRS17;DbxCommonDriver;cxDataRS17;vclimg;dxSkinsdxBarPainterRS17;dbxcds;dxPSdxDBTVLnkRS17;DatasnapConnectorsFreePascal;dxSkinMoneyTwinsRS17;vcldb;cxExportRS17;dxPSCoreRS17;dxBarExtItemsRS17;dxGDIPlusRS17;dxNavBarRS17;CustomIPTransport;cxLibraryRS17;cxGridRS17;dxSkinOffice2010BlackRS17;dsnap;IndyIPServer;IndyCore;dxSkinMcSkinRS17;dxPScxCommonRS17;dxSkiniMaginaryRS17;dxSkinsdxDLPainterRS17;dxPScxVGridLnkRS17;dxSkinSevenClassicRS17;dxPScxExtCommonRS17;odacvcl170;dxPScxSSLnkRS17;dxSkinLilianRS17;dxSkinOffice2010BlueRS17;dxPSdxLCLnkRS17;bindcompfmx;dxSkinOffice2010SilverRS17;oraprov170;cxSchedulerGridRS17;dbrtl;bindcomp;inetdb;dxBarRS17;DBXOdbcDriver;dxBarDBNavRS17;dxSkinWhiteprintRS17;xmlrtl;dxSkinsdxRibbonPainterRS17;ibxpress;dxDockingRS17;vclactnband;bindengine;soaprtl;bindcompvcl;dxBarExtDBItemsRS17;dxSkinOffice2007PinkRS17;vclie;dxPSPrVwRibbonRS17;cxPageControlRS17;DragDropDXE3;dxSkinscxPCPainterRS17;dxmdsRS17;dxSkinTheAsphaltWorldRS17;DBXInformixDriver;dxPsPrVwAdvRS17;dxSkinSilverRS17;dxdborRS17;dsnapcon;DBXFirebirdDriver;inet;vclx;dxSkinStardustRS17;cxEditorsRS17;DBXSybaseASADriver;crcontrols170;dbexpress;IndyIPClient;dxSkinVS2010RS17;cxTreeListdxBarPopupMenuRS17;dxThemeRS17;DBXSqliteDriver;dxPScxGridLnkRS17;fmx;IndySystem;dxSkinValentineRS17;vclib;DataSnapClient;dxSkinDevExpressStyleRS17;DataSnapProviderClient;DBXSybaseASEDriver;cxBarEditItemRS17;dxServerModeRS17;cxSchedulerRS17;dxSkinPumpkinRS17;dxPSLnksRS17;cxVerticalGridRS17;dxPSdxDBOCLnkRS17;dxSkinSpringTimeRS17;vcldsnap;dacvcl170;dxSkinDevExpressDarkStyleRS17;DBXDb2Driver;DBXOracleDriver;dxSkinLiquidSkyRS17;cxSpreadSheetRS17;fmxase;vcl;odac170;dxSkinOffice2007SilverRS17;IndyIPCommon;DBXMSSQLDriver;dxPSdxOCLnkRS17;dcldxSkinsCoreRS17;inetdbxpress;webdsnap;dxSkinCoffeeRS17;adortl;dxSkinscxSchedulerPainterRS17;dxtrmdRS17;dxPScxPCProdRS17;rtl;DbxClientDriver;dxTabbedMDIRS17;dxComnRS17;dxSkinSharpPlusRS17;dxSkinsCoreRS17;dxSkinLondonLiquidSkyRS17;dxdbtrRS17;dxSkinBlackRS17;dxorgcRS17;IndyProtocols;DBXMySQLDriver;dxLayoutControlRS17;bindcompdbx;dxSkinOffice2007BlueRS17;dxPScxPivotGridLnkRS17;dxSpellCheckerRS17;vcltouch;dxSkinOffice2007GreenRS17;dxSkinSharpRS17;websnap;dxSkinFoggyRS17;dxTileControlRS17;VclSmp;dxSkinDarkSideRS17;cxPivotGridRS17;DataSnapConnectors;fmxobj;cxTreeListRS17;dxSkinGlassOceansRS17;dxPSdxFCLnkRS17;dxFlowChartRS17;fmxdae;dxSkinsdxNavBarPainterRS17;dxDBXServerModeRS17;DataSnapIndy10ServerTransport;dxSkinCaramelRS17;$(DCC_UsePackage)</DCC_UsePackage>
    </PropertyGroup>
    <PropertyGroup Condition="'$(Cfg_1)'!=''">
        <DCC_Define>DEBUG;$(DCC_Define)</DCC_Define>
        <DCC_DebugDCUs>true</DCC_DebugDCUs>
        <DCC_Optimize>false</DCC_Optimize>
        <DCC_GenerateStackFrames>true</DCC_GenerateStackFrames>
        <DCC_DebugInfoInExe>true</DCC_DebugInfoInExe>
        <DCC_RemoteDebug>true</DCC_RemoteDebug>
    </PropertyGroup>
    <PropertyGroup Condition="'$(Cfg_1_Win32)'!=''">
        <DCC_DUPLICATE_CTOR_DTOR>false</DCC_DUPLICATE_CTOR_DTOR>
        <DCC_WriteableConstants>true</DCC_WriteableConstants>
        <VerInfo_Locale>1033</VerInfo_Locale>
        <DCC_RemoteDebug>false</DCC_RemoteDebug>
    </PropertyGroup>
    <PropertyGroup Condition="'$(Cfg_2)'!=''">
        <DCC_LocalDebugSymbols>false</DCC_LocalDebugSymbols>
        <DCC_Define>RELEASE;$(DCC_Define)</DCC_Define>
        <DCC_SymbolReferenceInfo>0</DCC_SymbolReferenceInfo>
        <DCC_DebugInformation>false</DCC_DebugInformation>
    </PropertyGroup>
    <PropertyGroup Condition="'$(Cfg_2_OSX32)'!=''">
        <Icns_MainIcns>$(BDS)\bin\delphi_PROJECTICNS.icns</Icns_MainIcns>
    </PropertyGroup>
    <PropertyGroup Condition="'$(Cfg_2_Win32)'!=''">
        <VerInfo_Locale>1033</VerInfo_Locale>
    </PropertyGroup>
    <ItemGroup>
        <DelphiCompile Include="$(MainSource)">
            <MainSource>MainSource</MainSource>
        </DelphiCompile>
        <DCCReference Include="DUnitX.btkEventBusTest.pas"/>
        <BuildConfiguration Include="Release">
            <Key>Cfg_2</Key>
            <CfgParent>Base</CfgParent>
        </BuildConfiguration>
        <BuildConfiguration Include="Base">
            <Key>Base</Key>
        </BuildConfiguration>
        <BuildConfiguration Include="Debug">
            <Key>Cfg_1</Key>
            <CfgParent>Base</CfgParent>
        </BuildConfiguration>
    </ItemGroup>
    <ProjectExtensions>
        <Borland.Personality>Delphi.Personality.12</Borland.Personality>
        <Borland.ProjectType/>
        <BorlandProject>
            <Delphi.Personality>
                <VersionInfo>
                    <VersionInfo Name="IncludeVerInfo">False</VersionInfo>
                    <VersionInfo Name="AutoIncBuild">False</VersionInfo>
                    <VersionInfo Name="MajorVer">1</VersionInfo>
                    <VersionInfo Name="MinorVer">0</VersionInfo>
                    <VersionInfo Name="Release">0</VersionInfo>
                    <VersionInfo Name="Build">0</VersionInfo>
                    <VersionInfo Name="Debug">False</VersionInfo>
                    <VersionInfo Name="PreRelease">False</VersionInfo>
                    <VersionInfo Name="Special">False</VersionInfo>
                    <VersionInfo Name="Private">False</VersionInfo>
                    <VersionInfo Name="DLL">False</VersionInfo>
                    <VersionInfo Name="Locale">1049</VersionInfo>
                    <VersionInfo Name="CodePage">1251</VersionInfo>
                </VersionInfo>
                <VersionInfoKeys>
                    <VersionInfoKeys Name="CompanyName"/>
                    <VersionInfoKeys Name="FileDescription"/>
                    <VersionInfoKeys Name="FileVersion">1.0.0.0</VersionInfoKeys>
                    <VersionInfoKeys Name="InternalName"/>
                    <VersionInfoKeys Name="LegalCopyright"/>
                    <VersionInfoKeys Name="LegalTrademarks"/>
                    <VersionInfoKeys Name="OriginalFilename"/>
                    <VersionInfoKeys Name="ProductName"/>
                    <VersionInfoKeys Name="ProductVersion">1.0.0.0</VersionInfoKeys>
                    <VersionInfoKeys Name="Comments"/>
                    <VersionInfoKeys Name="CFBundleName"/>
                    <VersionInfoKeys Name="CFBundleDisplayName"/>
                    <VersionInfoKeys Name="CFBundleIdentifier"/>
                    <VersionInfoKeys Name="CFBundleVersion"/>
                    <VersionInfoKeys Name="CFBundlePackageType"/>
                    <VersionInfoKeys Name="CFBundleSignature"/>
                    <VersionInfoKeys Name="CFBundleAllowMixedLocalizations"/>
                    <VersionInfoKeys Name="CFBundleExecutable"/>
                </VersionInfoKeys>
                <Source>
                    <Source Name="MainSource">DunitX.btkEventBus.dpr</Source>
                </Source>
                <Excluded_Packages/>
            </Delphi.Personality>
            <Deployment/>
            <Platforms>
                <Platform value="OSX32">False</Platform>
                <Platform value="Win32">True</Platform>
                <Platform value="Win64">False</Platform>
            </Platforms>
        </BorlandProject>
        <ProjectFileVersion>12</ProjectFileVersion>
    </ProjectExtensions>
    <Import Project="$(BDS)\Bin\CodeGear.Delphi.Targets" Condition="Exists('$(BDS)\Bin\CodeGear.Delphi.Targets')"/>
    <Import Project="$(APPDATA)\Embarcadero\$(BDSAPPDATABASEDIR)\$(PRODUCTVERSION)\UserTools.proj" Condition="Exists('$(APPDATA)\Embarcadero\$(BDSAPPDATABASEDIR)\$(PRODUCTVERSION)\UserTools.proj')"/>
</Project>
